// !$*UTF8*$!
{
	archiveVersion = 1;
	classes = {
	};
	objectVersion = 51;
	objects = {

/* Begin PBXBuildFile section */
		44A3287EA7390335D36A5C53 /* Pods_Instagram.framework in Frameworks */ = {isa = PBXBuildFile; fileRef = 246981851024B4874CF59157 /* Pods_Instagram.framework */; };
		D1221837261AD36200F7297C /* LoginViewController.swift in Sources */ = {isa = PBXBuildFile; fileRef = D1221836261AD36200F7297C /* LoginViewController.swift */; };
		D122183A261AD36F00F7297C /* HomeViewController.swift in Sources */ = {isa = PBXBuildFile; fileRef = D1221839261AD36F00F7297C /* HomeViewController.swift */; };
		D122183D261AD37A00F7297C /* ImageSelectViewController.swift in Sources */ = {isa = PBXBuildFile; fileRef = D122183C261AD37A00F7297C /* ImageSelectViewController.swift */; };
		D1221840261AD38300F7297C /* PostViewController.swift in Sources */ = {isa = PBXBuildFile; fileRef = D122183F261AD38300F7297C /* PostViewController.swift */; };
		D1221843261AD38C00F7297C /* SettingViewController.swift in Sources */ = {isa = PBXBuildFile; fileRef = D1221842261AD38C00F7297C /* SettingViewController.swift */; };
		D122184C261ADC2100F7297C /* TabBarController.swift in Sources */ = {isa = PBXBuildFile; fileRef = D122184B261ADC2100F7297C /* TabBarController.swift */; };
		D122184F261B0AA100F7297C /* GoogleService-Info.plist in Resources */ = {isa = PBXBuildFile; fileRef = D122184E261B0AA100F7297C /* GoogleService-Info.plist */; };
		D1B7609F2624569300AE62FC /* PostData.swift in Sources */ = {isa = PBXBuildFile; fileRef = D1B7609E2624569300AE62FC /* PostData.swift */; };
		D1B760A3262456E800AE62FC /* PostTableViewCell.swift in Sources */ = {isa = PBXBuildFile; fileRef = D1B760A1262456E800AE62FC /* PostTableViewCell.swift */; };
		D1B760A4262456E800AE62FC /* PostTableViewCell.xib in Resources */ = {isa = PBXBuildFile; fileRef = D1B760A2262456E800AE62FC /* PostTableViewCell.xib */; };
		D1CDDA13261E0929001911C2 /* Const.swift in Sources */ = {isa = PBXBuildFile; fileRef = D1CDDA12261E0929001911C2 /* Const.swift */; };
		D1CEA6C92610C85700275218 /* AppDelegate.swift in Sources */ = {isa = PBXBuildFile; fileRef = D1CEA6C82610C85700275218 /* AppDelegate.swift */; };
		D1CEA6CB2610C85700275218 /* SceneDelegate.swift in Sources */ = {isa = PBXBuildFile; fileRef = D1CEA6CA2610C85700275218 /* SceneDelegate.swift */; };
		D1CEA6D02610C85700275218 /* Main.storyboard in Resources */ = {isa = PBXBuildFile; fileRef = D1CEA6CE2610C85700275218 /* Main.storyboard */; };
		D1CEA6D22610C85800275218 /* Assets.xcassets in Resources */ = {isa = PBXBuildFile; fileRef = D1CEA6D12610C85800275218 /* Assets.xcassets */; };
		D1CEA6D52610C85800275218 /* LaunchScreen.storyboard in Resources */ = {isa = PBXBuildFile; fileRef = D1CEA6D32610C85800275218 /* LaunchScreen.storyboard */; };
/* End PBXBuildFile section */

/* Begin PBXFileReference section */
		246981851024B4874CF59157 /* Pods_Instagram.framework */ = {isa = PBXFileReference; explicitFileType = wrapper.framework; includeInIndex = 0; path = Pods_Instagram.framework; sourceTree = BUILT_PRODUCTS_DIR; };
		66F6C68573DD98D8384DEC15 /* Pods-Instagram.release.xcconfig */ = {isa = PBXFileReference; includeInIndex = 1; lastKnownFileType = text.xcconfig; name = "Pods-Instagram.release.xcconfig"; path = "Target Support Files/Pods-Instagram/Pods-Instagram.release.xcconfig"; sourceTree = "<group>"; };
		D1221836261AD36200F7297C /* LoginViewController.swift */ = {isa = PBXFileReference; lastKnownFileType = sourcecode.swift; path = LoginViewController.swift; sourceTree = "<group>"; };
		D1221839261AD36F00F7297C /* HomeViewController.swift */ = {isa = PBXFileReference; lastKnownFileType = sourcecode.swift; path = HomeViewController.swift; sourceTree = "<group>"; };
		D122183C261AD37A00F7297C /* ImageSelectViewController.swift */ = {isa = PBXFileReference; lastKnownFileType = sourcecode.swift; path = ImageSelectViewController.swift; sourceTree = "<group>"; };
		D122183F261AD38300F7297C /* PostViewController.swift */ = {isa = PBXFileReference; lastKnownFileType = sourcecode.swift; path = PostViewController.swift; sourceTree = "<group>"; };
		D1221842261AD38C00F7297C /* SettingViewController.swift */ = {isa = PBXFileReference; lastKnownFileType = sourcecode.swift; path = SettingViewController.swift; sourceTree = "<group>"; };
		D122184B261ADC2100F7297C /* TabBarController.swift */ = {isa = PBXFileReference; lastKnownFileType = sourcecode.swift; path = TabBarController.swift; sourceTree = "<group>"; };
		D122184E261B0AA100F7297C /* GoogleService-Info.plist */ = {isa = PBXFileReference; fileEncoding = 4; lastKnownFileType = text.plist.xml; path = "GoogleService-Info.plist"; sourceTree = "<group>"; };
		D1B7609E2624569300AE62FC /* PostData.swift */ = {isa = PBXFileReference; lastKnownFileType = sourcecode.swift; path = PostData.swift; sourceTree = "<group>"; };
		D1B760A1262456E800AE62FC /* PostTableViewCell.swift */ = {isa = PBXFileReference; lastKnownFileType = sourcecode.swift; path = PostTableViewCell.swift; sourceTree = "<group>"; };
		D1B760A2262456E800AE62FC /* PostTableViewCell.xib */ = {isa = PBXFileReference; lastKnownFileType = file.xib; path = PostTableViewCell.xib; sourceTree = "<group>"; };
		D1CDDA12261E0929001911C2 /* Const.swift */ = {isa = PBXFileReference; lastKnownFileType = sourcecode.swift; path = Const.swift; sourceTree = "<group>"; };
		D1CEA6C52610C85700275218 /* Instagram.app */ = {isa = PBXFileReference; explicitFileType = wrapper.application; includeInIndex = 0; path = Instagram.app; sourceTree = BUILT_PRODUCTS_DIR; };
		D1CEA6C82610C85700275218 /* AppDelegate.swift */ = {isa = PBXFileReference; lastKnownFileType = sourcecode.swift; path = AppDelegate.swift; sourceTree = "<group>"; };
		D1CEA6CA2610C85700275218 /* SceneDelegate.swift */ = {isa = PBXFileReference; lastKnownFileType = sourcecode.swift; path = SceneDelegate.swift; sourceTree = "<group>"; };
		D1CEA6CF2610C85700275218 /* Base */ = {isa = PBXFileReference; lastKnownFileType = file.storyboard; name = Base; path = Base.lproj/Main.storyboard; sourceTree = "<group>"; };
		D1CEA6D12610C85800275218 /* Assets.xcassets */ = {isa = PBXFileReference; lastKnownFileType = folder.assetcatalog; path = Assets.xcassets; sourceTree = "<group>"; };
		D1CEA6D42610C85800275218 /* Base */ = {isa = PBXFileReference; lastKnownFileType = file.storyboard; name = Base; path = Base.lproj/LaunchScreen.storyboard; sourceTree = "<group>"; };
		D1CEA6D62610C85800275218 /* Info.plist */ = {isa = PBXFileReference; lastKnownFileType = text.plist.xml; path = Info.plist; sourceTree = "<group>"; };
		E4856C341593738E917C3B0C /* Pods-Instagram.debug.xcconfig */ = {isa = PBXFileReference; includeInIndex = 1; lastKnownFileType = text.xcconfig; name = "Pods-Instagram.debug.xcconfig"; path = "Target Support Files/Pods-Instagram/Pods-Instagram.debug.xcconfig"; sourceTree = "<group>"; };
/* End PBXFileReference section */

/* Begin PBXFrameworksBuildPhase section */
		D1CEA6C22610C85700275218 /* Frameworks */ = {
			isa = PBXFrameworksBuildPhase;
			buildActionMask = 2147483647;
			files = (
				44A3287EA7390335D36A5C53 /* Pods_Instagram.framework in Frameworks */,
			);
			runOnlyForDeploymentPostprocessing = 0;
		};
/* End PBXFrameworksBuildPhase section */

/* Begin PBXGroup section */
		5ECD6D944236DE9CEFEDDB0C /* Pods */ = {
			isa = PBXGroup;
			children = (
				E4856C341593738E917C3B0C /* Pods-Instagram.debug.xcconfig */,
				66F6C68573DD98D8384DEC15 /* Pods-Instagram.release.xcconfig */,
			);
			path = Pods;
			sourceTree = "<group>";
		};
		BA87E00954C3946A18BA99EE /* Frameworks */ = {
			isa = PBXGroup;
			children = (
				246981851024B4874CF59157 /* Pods_Instagram.framework */,
			);
			name = Frameworks;
			sourceTree = "<group>";
		};
		D1CEA6BC2610C85700275218 = {
			isa = PBXGroup;
			children = (
				D1CEA6C72610C85700275218 /* Instagram */,
				D1CEA6C62610C85700275218 /* Products */,
				5ECD6D944236DE9CEFEDDB0C /* Pods */,
				BA87E00954C3946A18BA99EE /* Frameworks */,
			);
			sourceTree = "<group>";
		};
		D1CEA6C62610C85700275218 /* Products */ = {
			isa = PBXGroup;
			children = (
				D1CEA6C52610C85700275218 /* Instagram.app */,
			);
			name = Products;
			sourceTree = "<group>";
		};
		D1CEA6C72610C85700275218 /* Instagram */ = {
			isa = PBXGroup;
			children = (
				D1CEA6C82610C85700275218 /* AppDelegate.swift */,
				D1CEA6CA2610C85700275218 /* SceneDelegate.swift */,
				D1221836261AD36200F7297C /* LoginViewController.swift */,
				D1221839261AD36F00F7297C /* HomeViewController.swift */,
				D1B760A1262456E800AE62FC /* PostTableViewCell.swift */,
				D1B760A2262456E800AE62FC /* PostTableViewCell.xib */,
				D122183C261AD37A00F7297C /* ImageSelectViewController.swift */,
				D122183F261AD38300F7297C /* PostViewController.swift */,
				D1221842261AD38C00F7297C /* SettingViewController.swift */,
				D122184B261ADC2100F7297C /* TabBarController.swift */,
				D1CDDA12261E0929001911C2 /* Const.swift */,
				D1B7609E2624569300AE62FC /* PostData.swift */,
				D1CEA6CE2610C85700275218 /* Main.storyboard */,
				D1CEA6D12610C85800275218 /* Assets.xcassets */,
				D1CEA6D32610C85800275218 /* LaunchScreen.storyboard */,
				D1CEA6D62610C85800275218 /* Info.plist */,
				D122184E261B0AA100F7297C /* GoogleService-Info.plist */,
			);
			path = Instagram;
			sourceTree = "<group>";
		};
/* End PBXGroup section */

/* Begin PBXNativeTarget section */
		D1CEA6C42610C85700275218 /* Instagram */ = {
			isa = PBXNativeTarget;
			buildConfigurationList = D1CEA6D92610C85800275218 /* Build configuration list for PBXNativeTarget "Instagram" */;
			buildPhases = (
				330130284C11C6EE013958B4 /* [CP] Check Pods Manifest.lock */,
				D1CEA6C12610C85700275218 /* Sources */,
				D1CEA6C22610C85700275218 /* Frameworks */,
				D1CEA6C32610C85700275218 /* Resources */,
				B0392FA80BCBE40661F85538 /* [CP] Embed Pods Frameworks */,
			);
			buildRules = (
			);
			dependencies = (
			);
			name = Instagram;
			productName = Instagram;
			productReference = D1CEA6C52610C85700275218 /* Instagram.app */;
			productType = "com.apple.product-type.application";
		};
/* End PBXNativeTarget section */

/* Begin PBXProject section */
		D1CEA6BD2610C85700275218 /* Project object */ = {
			isa = PBXProject;
			attributes = {
				LastSwiftUpdateCheck = 1220;
				LastUpgradeCheck = 1220;
				TargetAttributes = {
					D1CEA6C42610C85700275218 = {
						CreatedOnToolsVersion = 12.2;
					};
				};
			};
			buildConfigurationList = D1CEA6C02610C85700275218 /* Build configuration list for PBXProject "Instagram" */;
			compatibilityVersion = "Xcode 9.3";
			developmentRegion = en;
			hasScannedForEncodings = 0;
			knownRegions = (
				en,
				Base,
			);
			mainGroup = D1CEA6BC2610C85700275218;
			productRefGroup = D1CEA6C62610C85700275218 /* Products */;
			projectDirPath = "";
			projectRoot = "";
			targets = (
				D1CEA6C42610C85700275218 /* Instagram */,
			);
		};
/* End PBXProject section */

/* Begin PBXResourcesBuildPhase section */
		D1CEA6C32610C85700275218 /* Resources */ = {
			isa = PBXResourcesBuildPhase;
			buildActionMask = 2147483647;
			files = (
				D1CEA6D52610C85800275218 /* LaunchScreen.storyboard in Resources */,
				D1B760A4262456E800AE62FC /* PostTableViewCell.xib in Resources */,
				D122184F261B0AA100F7297C /* GoogleService-Info.plist in Resources */,
				D1CEA6D22610C85800275218 /* Assets.xcassets in Resources */,
				D1CEA6D02610C85700275218 /* Main.storyboard in Resources */,
			);
			runOnlyForDeploymentPostprocessing = 0;
		};
/* End PBXResourcesBuildPhase section */

/* Begin PBXShellScriptBuildPhase section */
		330130284C11C6EE013958B4 /* [CP] Check Pods Manifest.lock */ = {
			isa = PBXShellScriptBuildPhase;
			buildActionMask = 2147483647;
			files = (
			);
			inputFileListPaths = (
			);
			inputPaths = (
				"${PODS_PODFILE_DIR_PATH}/Podfile.lock",
				"${PODS_ROOT}/Manifest.lock",
			);
			name = "[CP] Check Pods Manifest.lock";
			outputFileListPaths = (
			);
			outputPaths = (
				"$(DERIVED_FILE_DIR)/Pods-Instagram-checkManifestLockResult.txt",
			);
			runOnlyForDeploymentPostprocessing = 0;
			shellPath = /bin/sh;
			shellScript = "diff \"${PODS_PODFILE_DIR_PATH}/Podfile.lock\" \"${PODS_ROOT}/Manifest.lock\" > /dev/null\nif [ $? != 0 ] ; then\n    # print error to STDERR\n    echo \"error: The sandbox is not in sync with the Podfile.lock. Run 'pod install' or update your CocoaPods installation.\" >&2\n    exit 1\nfi\n# This output is used by Xcode 'outputs' to avoid re-running this script phase.\necho \"SUCCESS\" > \"${SCRIPT_OUTPUT_FILE_0}\"\n";
			showEnvVarsInLog = 0;
		};
		B0392FA80BCBE40661F85538 /* [CP] Embed Pods Frameworks */ = {
			isa = PBXShellScriptBuildPhase;
			buildActionMask = 2147483647;
			files = (
			);
			inputFileListPaths = (
				"${PODS_ROOT}/Target Support Files/Pods-Instagram/Pods-Instagram-frameworks-${CONFIGURATION}-input-files.xcfilelist",
			);
			name = "[CP] Embed Pods Frameworks";
			outputFileListPaths = (
				"${PODS_ROOT}/Target Support Files/Pods-Instagram/Pods-Instagram-frameworks-${CONFIGURATION}-output-files.xcfilelist",
			);
			runOnlyForDeploymentPostprocessing = 0;
			shellPath = /bin/sh;
			shellScript = "\"${PODS_ROOT}/Target Support Files/Pods-Instagram/Pods-Instagram-frameworks.sh\"\n";
			showEnvVarsInLog = 0;
		};
/* End PBXShellScriptBuildPhase section */

/* Begin PBXSourcesBuildPhase section */
		D1CEA6C12610C85700275218 /* Sources */ = {
			isa = PBXSourcesBuildPhase;
			buildActionMask = 2147483647;
			files = (
				D1B760A3262456E800AE62FC /* PostTableViewCell.swift in Sources */,
				D122183D261AD37A00F7297C /* ImageSelectViewController.swift in Sources */,
				D122184C261ADC2100F7297C /* TabBarController.swift in Sources */,
				D122183A261AD36F00F7297C /* HomeViewController.swift in Sources */,
				D1221840261AD38300F7297C /* PostViewController.swift in Sources */,
				D1221843261AD38C00F7297C /* SettingViewController.swift in Sources */,
				D1B7609F2624569300AE62FC /* PostData.swift in Sources */,
				D1221837261AD36200F7297C /* LoginViewController.swift in Sources */,
				D1CEA6C92610C85700275218 /* AppDelegate.swift in Sources */,
				D1CEA6CB2610C85700275218 /* SceneDelegate.swift in Sources */,
				D1CDDA13261E0929001911C2 /* Const.swift in Sources */,
			);
			runOnlyForDeploymentPostprocessing = 0;
		};
/* End PBXSourcesBuildPhase section */

/* Begin PBXVariantGroup section */
		D1CEA6CE2610C85700275218 /* Main.storyboard */ = {
			isa = PBXVariantGroup;
			children = (
				D1CEA6CF2610C85700275218 /* Base */,
			);
			name = Main.storyboard;
			sourceTree = "<group>";
		};
		D1CEA6D32610C85800275218 /* LaunchScreen.storyboard */ = {
			isa = PBXVariantGroup;
			children = (
				D1CEA6D42610C85800275218 /* Base */,
			);
			name = LaunchScreen.storyboard;
			sourceTree = "<group>";
		};
/* End PBXVariantGroup section */

/* Begin XCBuildConfiguration section */
		D1CEA6D72610C85800275218 /* Debug */ = {
			isa = XCBuildConfiguration;
			buildSettings = {
				ALWAYS_SEARCH_USER_PATHS = NO;
				CLANG_ANALYZER_NONNULL = YES;
				CLANG_ANALYZER_NUMBER_OBJECT_CONVERSION = YES_AGGRESSIVE;
				CLANG_CXX_LANGUAGE_STANDARD = "gnu++14";
				CLANG_CXX_LIBRARY = "libc++";
				CLANG_ENABLE_MODULES = YES;
				CLANG_ENABLE_OBJC_ARC = YES;
				CLANG_ENABLE_OBJC_WEAK = YES;
				CLANG_WARN_BLOCK_CAPTURE_AUTORELEASING = YES;
				CLANG_WARN_BOOL_CONVERSION = YES;
				CLANG_WARN_COMMA = YES;
				CLANG_WARN_CONSTANT_CONVERSION = YES;
				CLANG_WARN_DEPRECATED_OBJC_IMPLEMENTATIONS = YES;
				CLANG_WARN_DIRECT_OBJC_ISA_USAGE = YES_ERROR;
				CLANG_WARN_DOCUMENTATION_COMMENTS = YES;
				CLANG_WARN_EMPTY_BODY = YES;
				CLANG_WARN_ENUM_CONVERSION = YES;
				CLANG_WARN_INFINITE_RECURSION = YES;
				CLANG_WARN_INT_CONVERSION = YES;
				CLANG_WARN_NON_LITERAL_NULL_CONVERSION = YES;
				CLANG_WARN_OBJC_IMPLICIT_RETAIN_SELF = YES;
				CLANG_WARN_OBJC_LITERAL_CONVERSION = YES;
				CLANG_WARN_OBJC_ROOT_CLASS = YES_ERROR;
				CLANG_WARN_QUOTED_INCLUDE_IN_FRAMEWORK_HEADER = YES;
				CLANG_WARN_RANGE_LOOP_ANALYSIS = YES;
				CLANG_WARN_STRICT_PROTOTYPES = YES;
				CLANG_WARN_SUSPICIOUS_MOVE = YES;
				CLANG_WARN_UNGUARDED_AVAILABILITY = YES_AGGRESSIVE;
				CLANG_WARN_UNREACHABLE_CODE = YES;
				CLANG_WARN__DUPLICATE_METHOD_MATCH = YES;
				COPY_PHASE_STRIP = NO;
				DEBUG_INFORMATION_FORMAT = dwarf;
				ENABLE_STRICT_OBJC_MSGSEND = YES;
				ENABLE_TESTABILITY = YES;
				GCC_C_LANGUAGE_STANDARD = gnu11;
				GCC_DYNAMIC_NO_PIC = NO;
				GCC_NO_COMMON_BLOCKS = YES;
				GCC_OPTIMIZATION_LEVEL = 0;
				GCC_PREPROCESSOR_DEFINITIONS = (
					"DEBUG=1",
					"$(inherited)",
				);
				GCC_WARN_64_TO_32_BIT_CONVERSION = YES;
				GCC_WARN_ABOUT_RETURN_TYPE = YES_ERROR;
				GCC_WARN_UNDECLARED_SELECTOR = YES;
				GCC_WARN_UNINITIALIZED_AUTOS = YES_AGGRESSIVE;
				GCC_WARN_UNUSED_FUNCTION = YES;
				GCC_WARN_UNUSED_VARIABLE = YES;
				IPHONEOS_DEPLOYMENT_TARGET = 14.2;
				MTL_ENABLE_DEBUG_INFO = INCLUDE_SOURCE;
				MTL_FAST_MATH = YES;
				ONLY_ACTIVE_ARCH = YES;
				SDKROOT = iphoneos;
				SWIFT_ACTIVE_COMPILATION_CONDITIONS = DEBUG;
				SWIFT_OPTIMIZATION_LEVEL = "-Onone";
			};
			name = Debug;
		};
		D1CEA6D82610C85800275218 /* Release */ = {
			isa = XCBuildConfiguration;
			buildSettings = {
				ALWAYS_SEARCH_USER_PATHS = NO;
				CLANG_ANALYZER_NONNULL = YES;
				CLANG_ANALYZER_NUMBER_OBJECT_CONVERSION = YES_AGGRESSIVE;
				CLANG_CXX_LANGUAGE_STANDARD = "gnu++14";
				CLANG_CXX_LIBRARY = "libc++";
				CLANG_ENABLE_MODULES = YES;
				CLANG_ENABLE_OBJC_ARC = YES;
				CLANG_ENABLE_OBJC_WEAK = YES;
				CLANG_WARN_BLOCK_CAPTURE_AUTORELEASING = YES;
				CLANG_WARN_BOOL_CONVERSION = YES;
				CLANG_WARN_COMMA = YES;
				CLANG_WARN_CONSTANT_CONVERSION = YES;
				CLANG_WARN_DEPRECATED_OBJC_IMPLEMENTATIONS = YES;
				CLANG_WARN_DIRECT_OBJC_ISA_USAGE = YES_ERROR;
				CLANG_WARN_DOCUMENTATION_COMMENTS = YES;
				CLANG_WARN_EMPTY_BODY = YES;
				CLANG_WARN_ENUM_CONVERSION = YES;
				CLANG_WARN_INFINITE_RECURSION = YES;
				CLANG_WARN_INT_CONVERSION = YES;
				CLANG_WARN_NON_LITERAL_NULL_CONVERSION = YES;
				CLANG_WARN_OBJC_IMPLICIT_RETAIN_SELF = YES;
				CLANG_WARN_OBJC_LITERAL_CONVERSION = YES;
				CLANG_WARN_OBJC_ROOT_CLASS = YES_ERROR;
				CLANG_WARN_QUOTED_INCLUDE_IN_FRAMEWORK_HEADER = YES;
				CLANG_WARN_RANGE_LOOP_ANALYSIS = YES;
				CLANG_WARN_STRICT_PROTOTYPES = YES;
				CLANG_WARN_SUSPICIOUS_MOVE = YES;
				CLANG_WARN_UNGUARDED_AVAILABILITY = YES_AGGRESSIVE;
				CLANG_WARN_UNREACHABLE_CODE = YES;
				CLANG_WARN__DUPLICATE_METHOD_MATCH = YES;
				COPY_PHASE_STRIP = NO;
				DEBUG_INFORMATION_FORMAT = "dwarf-with-dsym";
				ENABLE_NS_ASSERTIONS = NO;
				ENABLE_STRICT_OBJC_MSGSEND = YES;
				GCC_C_LANGUAGE_STANDARD = gnu11;
				GCC_NO_COMMON_BLOCKS = YES;
				GCC_WARN_64_TO_32_BIT_CONVERSION = YES;
				GCC_WARN_ABOUT_RETURN_TYPE = YES_ERROR;
				GCC_WARN_UNDECLARED_SELECTOR = YES;
				GCC_WARN_UNINITIALIZED_AUTOS = YES_AGGRESSIVE;
				GCC_WARN_UNUSED_FUNCTION = YES;
				GCC_WARN_UNUSED_VARIABLE = YES;
				IPHONEOS_DEPLOYMENT_TARGET = 14.2;
				MTL_ENABLE_DEBUG_INFO = NO;
				MTL_FAST_MATH = YES;
				SDKROOT = iphoneos;
				SWIFT_COMPILATION_MODE = wholemodule;
				SWIFT_OPTIMIZATION_LEVEL = "-O";
				VALIDATE_PRODUCT = YES;
			};
			name = Release;
		};
		D1CEA6DA2610C85800275218 /* Debug */ = {
			isa = XCBuildConfiguration;
			baseConfigurationReference = E4856C341593738E917C3B0C /* Pods-Instagram.debug.xcconfig */;
			buildSettings = {
				ASSETCATALOG_COMPILER_APPICON_NAME = AppIcon;
				ASSETCATALOG_COMPILER_GLOBAL_ACCENT_COLOR_NAME = AccentColor;
				CODE_SIGN_STYLE = Automatic;
				INFOPLIST_FILE = Instagram/Info.plist;
				LD_RUNPATH_SEARCH_PATHS = (
					"$(inherited)",
					"@executable_path/Frameworks",
				);
				PRODUCT_BUNDLE_IDENTIFIER = jp.techacademy.koux2.lesson8.Instagram;
				PRODUCT_NAME = "$(TARGET_NAME)";
				SWIFT_VERSION = 5.0;
				TARGETED_DEVICE_FAMILY = 1;
			};
			name = Debug;
		};
		D1CEA6DB2610C85800275218 /* Release */ = {
			isa = XCBuildConfiguration;
			baseConfigurationReference = 66F6C68573DD98D8384DEC15 /* Pods-Instagram.release.xcconfig */;
			buildSettings = {
				ASSETCATALOG_COMPILER_APPICON_NAME = AppIcon;
				ASSETCATALOG_COMPILER_GLOBAL_ACCENT_COLOR_NAME = AccentColor;
				CODE_SIGN_STYLE = Automatic;
				INFOPLIST_FILE = Instagram/Info.plist;
				LD_RUNPATH_SEARCH_PATHS = (
					"$(inherited)",
					"@executable_path/Frameworks",
				);
				PRODUCT_BUNDLE_IDENTIFIER = jp.techacademy.koux2.lesson8.Instagram;
				PRODUCT_NAME = "$(TARGET_NAME)";
				SWIFT_VERSION = 5.0;
				TARGETED_DEVICE_FAMILY = 1;
			};
			name = Release;
		};
/* End XCBuildConfiguration section */

/* Begin XCConfigurationList section */
		D1CEA6C02610C85700275218 /* Build configuration list for PBXProject "Instagram" */ = {
			isa = XCConfigurationList;
			buildConfigurations = (
				D1CEA6D72610C85800275218 /* Debug */,
				D1CEA6D82610C85800275218 /* Release */,
			);
			defaultConfigurationIsVisible = 0;
			defaultConfigurationName = Release;
		};
		D1CEA6D92610C85800275218 /* Build configuration list for PBXNativeTarget "Instagram" */ = {
			isa = XCConfigurationList;
			buildConfigurations = (
				D1CEA6DA2610C85800275218 /* Debug */,
				D1CEA6DB2610C85800275218 /* Release */,
			);
			defaultConfigurationIsVisible = 0;
			defaultConfigurationName = Release;
		};
/* End XCConfigurationList section */
	};
	rootObject = D1CEA6BD2610C85700275218 /* Project object */;
}
